// !$*UTF8*$!
{
	archiveVersion = 1;
	classes = {
	};
	objectVersion = 77;
	objects = {

/* Begin PBXBuildFile section */
		3C766A4D2F1400F100309D3D /* HeatlabWatch.app in Embed Watch Content */ = {isa = PBXBuildFile; fileRef = 3C766A2D2F1400EF00309D3D /* HeatlabWatch.app */; settings = {ATTRIBUTES = (RemoveHeadersOnCopy, ); }; };
		3C766B0D2F1520F400309D3D /* HeatSession.swift in Sources */ = {isa = PBXBuildFile; fileRef = 3C766B052F1520F400309D3D /* HeatSession.swift */; };
		3C766B0E2F1520F400309D3D /* UserSettings.swift in Sources */ = {isa = PBXBuildFile; fileRef = 3C766B0B2F1520F400309D3D /* UserSettings.swift */; };
		3C766B0F2F1520F400309D3D /* UserBaseline.swift in Sources */ = {isa = PBXBuildFile; fileRef = 3C766B072F1520F400309D3D /* UserBaseline.swift */; };
		3C766B102F1520F400309D3D /* SessionStats.swift in Sources */ = {isa = PBXBuildFile; fileRef = 3C766B062F1520F400309D3D /* SessionStats.swift */; };
		3C766B112F1520F400309D3D /* Temperature.swift in Sources */ = {isa = PBXBuildFile; fileRef = 3C766B0A2F1520F400309D3D /* Temperature.swift */; };
		3C766B122F1520F400309D3D /* HeatLabModelContainer.swift in Sources */ = {isa = PBXBuildFile; fileRef = 3C766B092F1520F400309D3D /* HeatLabModelContainer.swift */; };
		3C766B132F1520F400309D3D /* HeatSession.swift in Sources */ = {isa = PBXBuildFile; fileRef = 3C766B052F1520F400309D3D /* HeatSession.swift */; };
		3C766B142F1520F400309D3D /* UserSettings.swift in Sources */ = {isa = PBXBuildFile; fileRef = 3C766B0B2F1520F400309D3D /* UserSettings.swift */; };
		3C766B152F1520F400309D3D /* UserBaseline.swift in Sources */ = {isa = PBXBuildFile; fileRef = 3C766B072F1520F400309D3D /* UserBaseline.swift */; };
		3C766B162F1520F400309D3D /* SessionStats.swift in Sources */ = {isa = PBXBuildFile; fileRef = 3C766B062F1520F400309D3D /* SessionStats.swift */; };
		3C766B172F1520F400309D3D /* Temperature.swift in Sources */ = {isa = PBXBuildFile; fileRef = 3C766B0A2F1520F400309D3D /* Temperature.swift */; };
		3C766B182F1520F400309D3D /* HeatLabModelContainer.swift in Sources */ = {isa = PBXBuildFile; fileRef = 3C766B092F1520F400309D3D /* HeatLabModelContainer.swift */; };
		3C766B1A2F1520F400309D3D /* CloudKitStatus.swift in Sources */ = {isa = PBXBuildFile; fileRef = 3C766B192F1520F400309D3D /* CloudKitStatus.swift */; };
		3C766B1B2F1520F400309D3D /* CloudKitStatus.swift in Sources */ = {isa = PBXBuildFile; fileRef = 3C766B192F1520F400309D3D /* CloudKitStatus.swift */; };
		3C76993B2F1A9446000FAEAD /* SessionTypeConfig.swift in Sources */ = {isa = PBXBuildFile; fileRef = 3C76993A2F1A9446000FAEAD /* SessionTypeConfig.swift */; };
		3C76993C2F1A9446000FAEAD /* SessionTypeConfig.swift in Sources */ = {isa = PBXBuildFile; fileRef = 3C76993A2F1A9446000FAEAD /* SessionTypeConfig.swift */; };
		3C76994B2F1B800000309D3D /* IconName.swift in Sources */ = {isa = PBXBuildFile; fileRef = 3C76994A2F1B800000309D3D /* IconName.swift */; };
		3C76994C2F1B800000309D3D /* IconName.swift in Sources */ = {isa = PBXBuildFile; fileRef = 3C76994A2F1B800000309D3D /* IconName.swift */; };
		3C769B5D2F1D8E9E000FAEAD /* HeatLabIcon.icon in Resources */ = {isa = PBXBuildFile; fileRef = 3C769B5C2F1D8E9E000FAEAD /* HeatLabIcon.icon */; };
		3C769B5E2F1D8E9E000FAEAD /* HeatLabIcon.icon in Resources */ = {isa = PBXBuildFile; fileRef = 3C769B5C2F1D8E9E000FAEAD /* HeatLabIcon.icon */; };
/* End PBXBuildFile section */

/* Begin PBXContainerItemProxy section */
		3C766A0C2F14000B00309D3D /* PBXContainerItemProxy */ = {
			isa = PBXContainerItemProxy;
			containerPortal = 3C7669F22F14000900309D3D /* Project object */;
			proxyType = 1;
			remoteGlobalIDString = 3C7669F92F14000900309D3D;
			remoteInfo = heatlab;
		};
		3C766A162F14000B00309D3D /* PBXContainerItemProxy */ = {
			isa = PBXContainerItemProxy;
			containerPortal = 3C7669F22F14000900309D3D /* Project object */;
			proxyType = 1;
			remoteGlobalIDString = 3C7669F92F14000900309D3D;
			remoteInfo = heatlab;
		};
		3C766A3A2F1400F100309D3D /* PBXContainerItemProxy */ = {
			isa = PBXContainerItemProxy;
			containerPortal = 3C7669F22F14000900309D3D /* Project object */;
			proxyType = 1;
			remoteGlobalIDString = 3C766A2C2F1400EF00309D3D;
			remoteInfo = "Heatlab Watch Watch App";
		};
		3C766A442F1400F100309D3D /* PBXContainerItemProxy */ = {
			isa = PBXContainerItemProxy;
			containerPortal = 3C7669F22F14000900309D3D /* Project object */;
			proxyType = 1;
			remoteGlobalIDString = 3C766A2C2F1400EF00309D3D;
			remoteInfo = "Heatlab Watch Watch App";
		};
		3C766A4B2F1400F100309D3D /* PBXContainerItemProxy */ = {
			isa = PBXContainerItemProxy;
			containerPortal = 3C7669F22F14000900309D3D /* Project object */;
			proxyType = 1;
			remoteGlobalIDString = 3C766A2C2F1400EF00309D3D;
			remoteInfo = "Heatlab Watch Watch App";
		};
/* End PBXContainerItemProxy section */

/* Begin PBXCopyFilesBuildPhase section */
		3C766A512F1400F100309D3D /* Embed Watch Content */ = {
			isa = PBXCopyFilesBuildPhase;
			buildActionMask = 2147483647;
			dstPath = "$(CONTENTS_FOLDER_PATH)/Watch";
			dstSubfolderSpec = 16;
			files = (
				3C766A4D2F1400F100309D3D /* HeatlabWatch.app in Embed Watch Content */,
			);
			name = "Embed Watch Content";
			runOnlyForDeploymentPostprocessing = 0;
		};
/* End PBXCopyFilesBuildPhase section */

/* Begin PBXFileReference section */
		3C7669FA2F14000900309D3D /* Heatlab.app */ = {isa = PBXFileReference; explicitFileType = wrapper.application; includeInIndex = 0; path = Heatlab.app; sourceTree = BUILT_PRODUCTS_DIR; };
		3C766A0B2F14000B00309D3D /* HeatlabTests.xctest */ = {isa = PBXFileReference; explicitFileType = wrapper.cfbundle; includeInIndex = 0; path = HeatlabTests.xctest; sourceTree = BUILT_PRODUCTS_DIR; };
		3C766A152F14000B00309D3D /* HeatlabUITests.xctest */ = {isa = PBXFileReference; explicitFileType = wrapper.cfbundle; includeInIndex = 0; path = HeatlabUITests.xctest; sourceTree = BUILT_PRODUCTS_DIR; };
		3C766A2D2F1400EF00309D3D /* HeatlabWatch.app */ = {isa = PBXFileReference; explicitFileType = wrapper.application; includeInIndex = 0; path = HeatlabWatch.app; sourceTree = BUILT_PRODUCTS_DIR; };
		3C766A392F1400F100309D3D /* HeatlabWatchTests.xctest */ = {isa = PBXFileReference; explicitFileType = wrapper.cfbundle; includeInIndex = 0; path = HeatlabWatchTests.xctest; sourceTree = BUILT_PRODUCTS_DIR; };
		3C766A432F1400F100309D3D /* HeatlabWatchUITests.xctest */ = {isa = PBXFileReference; explicitFileType = wrapper.cfbundle; includeInIndex = 0; path = HeatlabWatchUITests.xctest; sourceTree = BUILT_PRODUCTS_DIR; };
		3C766B052F1520F400309D3D /* HeatSession.swift */ = {isa = PBXFileReference; lastKnownFileType = sourcecode.swift; path = HeatSession.swift; sourceTree = "<group>"; };
		3C766B062F1520F400309D3D /* SessionStats.swift */ = {isa = PBXFileReference; lastKnownFileType = sourcecode.swift; path = SessionStats.swift; sourceTree = "<group>"; };
		3C766B072F1520F400309D3D /* UserBaseline.swift */ = {isa = PBXFileReference; lastKnownFileType = sourcecode.swift; path = UserBaseline.swift; sourceTree = "<group>"; };
		3C766B092F1520F400309D3D /* HeatLabModelContainer.swift */ = {isa = PBXFileReference; lastKnownFileType = sourcecode.swift; path = HeatLabModelContainer.swift; sourceTree = "<group>"; };
		3C766B0A2F1520F400309D3D /* Temperature.swift */ = {isa = PBXFileReference; lastKnownFileType = sourcecode.swift; path = Temperature.swift; sourceTree = "<group>"; };
		3C766B0B2F1520F400309D3D /* UserSettings.swift */ = {isa = PBXFileReference; lastKnownFileType = sourcecode.swift; path = UserSettings.swift; sourceTree = "<group>"; };
		3C766B192F1520F400309D3D /* CloudKitStatus.swift */ = {isa = PBXFileReference; lastKnownFileType = sourcecode.swift; path = CloudKitStatus.swift; sourceTree = "<group>"; };
		3C76993A2F1A9446000FAEAD /* SessionTypeConfig.swift */ = {isa = PBXFileReference; lastKnownFileType = sourcecode.swift; path = SessionTypeConfig.swift; sourceTree = "<group>"; };
		3C76994A2F1B800000309D3D /* IconName.swift */ = {isa = PBXFileReference; lastKnownFileType = sourcecode.swift; path = IconName.swift; sourceTree = "<group>"; };
		3C769B5C2F1D8E9E000FAEAD /* HeatLabIcon.icon */ = {isa = PBXFileReference; lastKnownFileType = folder.iconcomposer.icon; path = HeatLabIcon.icon; sourceTree = "<group>"; };
/* End PBXFileReference section */

/* Begin PBXFileSystemSynchronizedBuildFileExceptionSet section */
		3C766A1D2F14000B00309D3D /* Exceptions for "Heatlab" folder in "Heatlab" target */ = {
			isa = PBXFileSystemSynchronizedBuildFileExceptionSet;
			membershipExceptions = (
				Info.plist,
			);
			target = 3C7669F92F14000900309D3D /* Heatlab */;
		};
		3C7699312F17DB7F000FAEAD /* Exceptions for "HeatlabWatch" folder in "HeatlabWatch" target */ = {
			isa = PBXFileSystemSynchronizedBuildFileExceptionSet;
			membershipExceptions = (
				Info.plist,
			);
			target = 3C766A2C2F1400EF00309D3D /* HeatlabWatch */;
		};
/* End PBXFileSystemSynchronizedBuildFileExceptionSet section */

/* Begin PBXFileSystemSynchronizedRootGroup section */
		3C7669FC2F14000900309D3D /* Heatlab */ = {
			isa = PBXFileSystemSynchronizedRootGroup;
			exceptions = (
				3C766A1D2F14000B00309D3D /* Exceptions for "Heatlab" folder in "Heatlab" target */,
			);
			path = Heatlab;
			sourceTree = "<group>";
		};
		3C766A0E2F14000B00309D3D /* HeatlabTests */ = {
			isa = PBXFileSystemSynchronizedRootGroup;
			path = HeatlabTests;
			sourceTree = "<group>";
		};
		3C766A182F14000B00309D3D /* HeatlabUITests */ = {
			isa = PBXFileSystemSynchronizedRootGroup;
			path = HeatlabUITests;
			sourceTree = "<group>";
		};
		3C766A2E2F1400EF00309D3D /* HeatlabWatch */ = {
			isa = PBXFileSystemSynchronizedRootGroup;
			exceptions = (
				3C7699312F17DB7F000FAEAD /* Exceptions for "HeatlabWatch" folder in "HeatlabWatch" target */,
			);
			path = HeatlabWatch;
			sourceTree = "<group>";
		};
		3C766A3C2F1400F100309D3D /* HeatlabWatchTests */ = {
			isa = PBXFileSystemSynchronizedRootGroup;
			path = HeatlabWatchTests;
			sourceTree = "<group>";
		};
		3C766A462F1400F100309D3D /* HeatlabWatchUITests */ = {
			isa = PBXFileSystemSynchronizedRootGroup;
			path = HeatlabWatchUITests;
			sourceTree = "<group>";
		};
/* End PBXFileSystemSynchronizedRootGroup section */

/* Begin PBXFrameworksBuildPhase section */
		3C7669F72F14000900309D3D /* Frameworks */ = {
			isa = PBXFrameworksBuildPhase;
			buildActionMask = 2147483647;
			files = (
			);
			runOnlyForDeploymentPostprocessing = 0;
		};
		3C766A082F14000B00309D3D /* Frameworks */ = {
			isa = PBXFrameworksBuildPhase;
			buildActionMask = 2147483647;
			files = (
			);
			runOnlyForDeploymentPostprocessing = 0;
		};
		3C766A122F14000B00309D3D /* Frameworks */ = {
			isa = PBXFrameworksBuildPhase;
			buildActionMask = 2147483647;
			files = (
			);
			runOnlyForDeploymentPostprocessing = 0;
		};
		3C766A2A2F1400EF00309D3D /* Frameworks */ = {
			isa = PBXFrameworksBuildPhase;
			buildActionMask = 2147483647;
			files = (
			);
			runOnlyForDeploymentPostprocessing = 0;
		};
		3C766A362F1400F100309D3D /* Frameworks */ = {
			isa = PBXFrameworksBuildPhase;
			buildActionMask = 2147483647;
			files = (
			);
			runOnlyForDeploymentPostprocessing = 0;
		};
		3C766A402F1400F100309D3D /* Frameworks */ = {
			isa = PBXFrameworksBuildPhase;
			buildActionMask = 2147483647;
			files = (
			);
			runOnlyForDeploymentPostprocessing = 0;
		};
/* End PBXFrameworksBuildPhase section */

/* Begin PBXGroup section */
		3C7669F12F14000900309D3D = {
			isa = PBXGroup;
			children = (
				3C766B0C2F1520F400309D3D /* Shared */,
				3C7669FC2F14000900309D3D /* Heatlab */,
				3C766A0E2F14000B00309D3D /* HeatlabTests */,
				3C766A182F14000B00309D3D /* HeatlabUITests */,
				3C766A2E2F1400EF00309D3D /* HeatlabWatch */,
				3C766A3C2F1400F100309D3D /* HeatlabWatchTests */,
				3C766A462F1400F100309D3D /* HeatlabWatchUITests */,
				3C7669FB2F14000900309D3D /* Products */,
				3C769B5C2F1D8E9E000FAEAD /* HeatLabIcon.icon */,
			);
			sourceTree = "<group>";
		};
		3C7669FB2F14000900309D3D /* Products */ = {
			isa = PBXGroup;
			children = (
				3C7669FA2F14000900309D3D /* Heatlab.app */,
				3C766A0B2F14000B00309D3D /* HeatlabTests.xctest */,
				3C766A152F14000B00309D3D /* HeatlabUITests.xctest */,
				3C766A2D2F1400EF00309D3D /* HeatlabWatch.app */,
				3C766A392F1400F100309D3D /* HeatlabWatchTests.xctest */,
				3C766A432F1400F100309D3D /* HeatlabWatchUITests.xctest */,
			);
			name = Products;
			sourceTree = "<group>";
		};
		3C766B082F1520F400309D3D /* Models */ = {
			isa = PBXGroup;
			children = (
				3C766B052F1520F400309D3D /* HeatSession.swift */,
				3C766B062F1520F400309D3D /* SessionStats.swift */,
				3C766B072F1520F400309D3D /* UserBaseline.swift */,
			);
			path = Models;
			sourceTree = "<group>";
		};
		3C766B0C2F1520F400309D3D /* Shared */ = {
			isa = PBXGroup;
			children = (
				3C766B082F1520F400309D3D /* Models */,
				3C766B192F1520F400309D3D /* CloudKitStatus.swift */,
				3C766B092F1520F400309D3D /* HeatLabModelContainer.swift */,
				3C76994A2F1B800000309D3D /* IconName.swift */,
				3C76993A2F1A9446000FAEAD /* SessionTypeConfig.swift */,
				3C766B0A2F1520F400309D3D /* Temperature.swift */,
				3C766B0B2F1520F400309D3D /* UserSettings.swift */,
			);
			path = Shared;
			sourceTree = "<group>";
		};
/* End PBXGroup section */

/* Begin PBXNativeTarget section */
		3C7669F92F14000900309D3D /* Heatlab */ = {
			isa = PBXNativeTarget;
			buildConfigurationList = 3C766A1E2F14000B00309D3D /* Build configuration list for PBXNativeTarget "Heatlab" */;
			buildPhases = (
				3C7669F62F14000900309D3D /* Sources */,
				3C7669F72F14000900309D3D /* Frameworks */,
				3C7669F82F14000900309D3D /* Resources */,
				3C766A512F1400F100309D3D /* Embed Watch Content */,
			);
			buildRules = (
			);
			dependencies = (
				3C766A4C2F1400F100309D3D /* PBXTargetDependency */,
			);
			fileSystemSynchronizedGroups = (
				3C7669FC2F14000900309D3D /* Heatlab */,
			);
			name = Heatlab;
			packageProductDependencies = (
			);
			productName = heatlab;
			productReference = 3C7669FA2F14000900309D3D /* Heatlab.app */;
			productType = "com.apple.product-type.application";
		};
		3C766A0A2F14000B00309D3D /* HeatlabTests */ = {
			isa = PBXNativeTarget;
			buildConfigurationList = 3C766A232F14000B00309D3D /* Build configuration list for PBXNativeTarget "HeatlabTests" */;
			buildPhases = (
				3C766A072F14000B00309D3D /* Sources */,
				3C766A082F14000B00309D3D /* Frameworks */,
				3C766A092F14000B00309D3D /* Resources */,
			);
			buildRules = (
			);
			dependencies = (
				3C766A0D2F14000B00309D3D /* PBXTargetDependency */,
			);
			fileSystemSynchronizedGroups = (
				3C766A0E2F14000B00309D3D /* HeatlabTests */,
			);
			name = HeatlabTests;
			packageProductDependencies = (
			);
			productName = heatlabTests;
			productReference = 3C766A0B2F14000B00309D3D /* HeatlabTests.xctest */;
			productType = "com.apple.product-type.bundle.unit-test";
		};
		3C766A142F14000B00309D3D /* HeatlabUITests */ = {
			isa = PBXNativeTarget;
			buildConfigurationList = 3C766A262F14000B00309D3D /* Build configuration list for PBXNativeTarget "HeatlabUITests" */;
			buildPhases = (
				3C766A112F14000B00309D3D /* Sources */,
				3C766A122F14000B00309D3D /* Frameworks */,
				3C766A132F14000B00309D3D /* Resources */,
			);
			buildRules = (
			);
			dependencies = (
				3C766A172F14000B00309D3D /* PBXTargetDependency */,
			);
			fileSystemSynchronizedGroups = (
				3C766A182F14000B00309D3D /* HeatlabUITests */,
			);
			name = HeatlabUITests;
			packageProductDependencies = (
			);
			productName = heatlabUITests;
			productReference = 3C766A152F14000B00309D3D /* HeatlabUITests.xctest */;
			productType = "com.apple.product-type.bundle.ui-testing";
		};
		3C766A2C2F1400EF00309D3D /* HeatlabWatch */ = {
			isa = PBXNativeTarget;
			buildConfigurationList = 3C766A4E2F1400F100309D3D /* Build configuration list for PBXNativeTarget "HeatlabWatch" */;
			buildPhases = (
				3C766A292F1400EF00309D3D /* Sources */,
				3C766A2A2F1400EF00309D3D /* Frameworks */,
				3C766A2B2F1400EF00309D3D /* Resources */,
			);
			buildRules = (
			);
			dependencies = (
			);
			fileSystemSynchronizedGroups = (
				3C766A2E2F1400EF00309D3D /* HeatlabWatch */,
			);
			name = HeatlabWatch;
			packageProductDependencies = (
			);
			productName = "Heatlab Watch Watch App";
			productReference = 3C766A2D2F1400EF00309D3D /* HeatlabWatch.app */;
			productType = "com.apple.product-type.application";
		};
		3C766A382F1400F100309D3D /* HeatlabWatchTests */ = {
			isa = PBXNativeTarget;
			buildConfigurationList = 3C766A522F1400F100309D3D /* Build configuration list for PBXNativeTarget "HeatlabWatchTests" */;
			buildPhases = (
				3C766A352F1400F100309D3D /* Sources */,
				3C766A362F1400F100309D3D /* Frameworks */,
				3C766A372F1400F100309D3D /* Resources */,
			);
			buildRules = (
			);
			dependencies = (
				3C766A3B2F1400F100309D3D /* PBXTargetDependency */,
			);
			fileSystemSynchronizedGroups = (
				3C766A3C2F1400F100309D3D /* HeatlabWatchTests */,
			);
			name = HeatlabWatchTests;
			packageProductDependencies = (
			);
			productName = "Heatlab Watch Watch AppTests";
			productReference = 3C766A392F1400F100309D3D /* HeatlabWatchTests.xctest */;
			productType = "com.apple.product-type.bundle.unit-test";
		};
		3C766A422F1400F100309D3D /* HeatlabWatchUITests */ = {
			isa = PBXNativeTarget;
			buildConfigurationList = 3C766A552F1400F100309D3D /* Build configuration list for PBXNativeTarget "HeatlabWatchUITests" */;
			buildPhases = (
				3C766A3F2F1400F100309D3D /* Sources */,
				3C766A402F1400F100309D3D /* Frameworks */,
				3C766A412F1400F100309D3D /* Resources */,
			);
			buildRules = (
			);
			dependencies = (
				3C766A452F1400F100309D3D /* PBXTargetDependency */,
			);
			fileSystemSynchronizedGroups = (
				3C766A462F1400F100309D3D /* HeatlabWatchUITests */,
			);
			name = HeatlabWatchUITests;
			packageProductDependencies = (
			);
			productName = "Heatlab Watch Watch AppUITests";
			productReference = 3C766A432F1400F100309D3D /* HeatlabWatchUITests.xctest */;
			productType = "com.apple.product-type.bundle.ui-testing";
		};
/* End PBXNativeTarget section */

/* Begin PBXProject section */
		3C7669F22F14000900309D3D /* Project object */ = {
			isa = PBXProject;
			attributes = {
				BuildIndependentTargetsInParallel = 1;
				LastSwiftUpdateCheck = 2620;
				LastUpgradeCheck = 2620;
				TargetAttributes = {
					3C7669F92F14000900309D3D = {
						CreatedOnToolsVersion = 26.2;
					};
					3C766A0A2F14000B00309D3D = {
						CreatedOnToolsVersion = 26.2;
						TestTargetID = 3C7669F92F14000900309D3D;
					};
					3C766A142F14000B00309D3D = {
						CreatedOnToolsVersion = 26.2;
						TestTargetID = 3C7669F92F14000900309D3D;
					};
					3C766A2C2F1400EF00309D3D = {
						CreatedOnToolsVersion = 26.2;
					};
					3C766A382F1400F100309D3D = {
						CreatedOnToolsVersion = 26.2;
						TestTargetID = 3C766A2C2F1400EF00309D3D;
					};
					3C766A422F1400F100309D3D = {
						CreatedOnToolsVersion = 26.2;
						TestTargetID = 3C766A2C2F1400EF00309D3D;
					};
				};
			};
			buildConfigurationList = 3C7669F52F14000900309D3D /* Build configuration list for PBXProject "heatlab" */;
			developmentRegion = en;
			hasScannedForEncodings = 0;
			knownRegions = (
				en,
				Base,
			);
			mainGroup = 3C7669F12F14000900309D3D;
			minimizedProjectReferenceProxies = 1;
			preferredProjectObjectVersion = 77;
			productRefGroup = 3C7669FB2F14000900309D3D /* Products */;
			projectDirPath = "";
			projectRoot = "";
			targets = (
				3C7669F92F14000900309D3D /* Heatlab */,
				3C766A0A2F14000B00309D3D /* HeatlabTests */,
				3C766A142F14000B00309D3D /* HeatlabUITests */,
				3C766A2C2F1400EF00309D3D /* HeatlabWatch */,
				3C766A382F1400F100309D3D /* HeatlabWatchTests */,
				3C766A422F1400F100309D3D /* HeatlabWatchUITests */,
			);
		};
/* End PBXProject section */

/* Begin PBXResourcesBuildPhase section */
		3C7669F82F14000900309D3D /* Resources */ = {
			isa = PBXResourcesBuildPhase;
			buildActionMask = 2147483647;
			files = (
				3C769B5D2F1D8E9E000FAEAD /* HeatLabIcon.icon in Resources */,
			);
			runOnlyForDeploymentPostprocessing = 0;
		};
		3C766A092F14000B00309D3D /* Resources */ = {
			isa = PBXResourcesBuildPhase;
			buildActionMask = 2147483647;
			files = (
			);
			runOnlyForDeploymentPostprocessing = 0;
		};
		3C766A132F14000B00309D3D /* Resources */ = {
			isa = PBXResourcesBuildPhase;
			buildActionMask = 2147483647;
			files = (
			);
			runOnlyForDeploymentPostprocessing = 0;
		};
		3C766A2B2F1400EF00309D3D /* Resources */ = {
			isa = PBXResourcesBuildPhase;
			buildActionMask = 2147483647;
			files = (
				3C769B5E2F1D8E9E000FAEAD /* HeatLabIcon.icon in Resources */,
			);
			runOnlyForDeploymentPostprocessing = 0;
		};
		3C766A372F1400F100309D3D /* Resources */ = {
			isa = PBXResourcesBuildPhase;
			buildActionMask = 2147483647;
			files = (
			);
			runOnlyForDeploymentPostprocessing = 0;
		};
		3C766A412F1400F100309D3D /* Resources */ = {
			isa = PBXResourcesBuildPhase;
			buildActionMask = 2147483647;
			files = (
			);
			runOnlyForDeploymentPostprocessing = 0;
		};
/* End PBXResourcesBuildPhase section */

/* Begin PBXSourcesBuildPhase section */
		3C7669F62F14000900309D3D /* Sources */ = {
			isa = PBXSourcesBuildPhase;
			buildActionMask = 2147483647;
			files = (
				3C76993B2F1A9446000FAEAD /* SessionTypeConfig.swift in Sources */,
				3C766B0D2F1520F400309D3D /* HeatSession.swift in Sources */,
				3C766B0E2F1520F400309D3D /* UserSettings.swift in Sources */,
				3C766B0F2F1520F400309D3D /* UserBaseline.swift in Sources */,
				3C766B102F1520F400309D3D /* SessionStats.swift in Sources */,
				3C766B112F1520F400309D3D /* Temperature.swift in Sources */,
				3C766B122F1520F400309D3D /* HeatLabModelContainer.swift in Sources */,
				3C766B1A2F1520F400309D3D /* CloudKitStatus.swift in Sources */,
				3C76994B2F1B800000309D3D /* IconName.swift in Sources */,
			);
			runOnlyForDeploymentPostprocessing = 0;
		};
		3C766A072F14000B00309D3D /* Sources */ = {
			isa = PBXSourcesBuildPhase;
			buildActionMask = 2147483647;
			files = (
			);
			runOnlyForDeploymentPostprocessing = 0;
		};
		3C766A112F14000B00309D3D /* Sources */ = {
			isa = PBXSourcesBuildPhase;
			buildActionMask = 2147483647;
			files = (
			);
			runOnlyForDeploymentPostprocessing = 0;
		};
		3C766A292F1400EF00309D3D /* Sources */ = {
			isa = PBXSourcesBuildPhase;
			buildActionMask = 2147483647;
			files = (
				3C766B132F1520F400309D3D /* HeatSession.swift in Sources */,
				3C766B142F1520F400309D3D /* UserSettings.swift in Sources */,
				3C766B152F1520F400309D3D /* UserBaseline.swift in Sources */,
				3C766B162F1520F400309D3D /* SessionStats.swift in Sources */,
				3C766B172F1520F400309D3D /* Temperature.swift in Sources */,
				3C76993C2F1A9446000FAEAD /* SessionTypeConfig.swift in Sources */,
				3C766B182F1520F400309D3D /* HeatLabModelContainer.swift in Sources */,
				3C766B1B2F1520F400309D3D /* CloudKitStatus.swift in Sources */,
				3C76994C2F1B800000309D3D /* IconName.swift in Sources */,
			);
			runOnlyForDeploymentPostprocessing = 0;
		};
		3C766A352F1400F100309D3D /* Sources */ = {
			isa = PBXSourcesBuildPhase;
			buildActionMask = 2147483647;
			files = (
			);
			runOnlyForDeploymentPostprocessing = 0;
		};
		3C766A3F2F1400F100309D3D /* Sources */ = {
			isa = PBXSourcesBuildPhase;
			buildActionMask = 2147483647;
			files = (
			);
			runOnlyForDeploymentPostprocessing = 0;
		};
/* End PBXSourcesBuildPhase section */

/* Begin PBXTargetDependency section */
		3C766A0D2F14000B00309D3D /* PBXTargetDependency */ = {
			isa = PBXTargetDependency;
			target = 3C7669F92F14000900309D3D /* Heatlab */;
			targetProxy = 3C766A0C2F14000B00309D3D /* PBXContainerItemProxy */;
		};
		3C766A172F14000B00309D3D /* PBXTargetDependency */ = {
			isa = PBXTargetDependency;
			target = 3C7669F92F14000900309D3D /* Heatlab */;
			targetProxy = 3C766A162F14000B00309D3D /* PBXContainerItemProxy */;
		};
		3C766A3B2F1400F100309D3D /* PBXTargetDependency */ = {
			isa = PBXTargetDependency;
			target = 3C766A2C2F1400EF00309D3D /* HeatlabWatch */;
			targetProxy = 3C766A3A2F1400F100309D3D /* PBXContainerItemProxy */;
		};
		3C766A452F1400F100309D3D /* PBXTargetDependency */ = {
			isa = PBXTargetDependency;
			target = 3C766A2C2F1400EF00309D3D /* HeatlabWatch */;
			targetProxy = 3C766A442F1400F100309D3D /* PBXContainerItemProxy */;
		};
		3C766A4C2F1400F100309D3D /* PBXTargetDependency */ = {
			isa = PBXTargetDependency;
			target = 3C766A2C2F1400EF00309D3D /* HeatlabWatch */;
			targetProxy = 3C766A4B2F1400F100309D3D /* PBXContainerItemProxy */;
		};
/* End PBXTargetDependency section */

/* Begin XCBuildConfiguration section */
		3C766A1F2F14000B00309D3D /* Debug */ = {
			isa = XCBuildConfiguration;
			buildSettings = {
				ASSETCATALOG_COMPILER_APPICON_NAME = HeatLabIcon;
				ASSETCATALOG_COMPILER_GLOBAL_ACCENT_COLOR_NAME = AccentColor;
				ASSETCATALOG_COMPILER_INCLUDE_ALL_APPICON_ASSETS = NO;
				CODE_SIGN_ENTITLEMENTS = heatlab/heatlab.entitlements;
				CODE_SIGN_STYLE = Automatic;
				CURRENT_PROJECT_VERSION = 1;
				DEVELOPMENT_TEAM = 3Z8UAFV95F;
				ENABLE_PREVIEWS = YES;
				GENERATE_INFOPLIST_FILE = YES;
				INFOPLIST_FILE = heatlab/Info.plist;
				INFOPLIST_KEY_UIApplicationSceneManifest_Generation = YES;
				INFOPLIST_KEY_UIApplicationSupportsIndirectInputEvents = YES;
				INFOPLIST_KEY_UILaunchScreen_Generation = YES;
				INFOPLIST_KEY_UISupportedInterfaceOrientations_iPad = "UIInterfaceOrientationPortrait UIInterfaceOrientationPortraitUpsideDown UIInterfaceOrientationLandscapeLeft UIInterfaceOrientationLandscapeRight";
				INFOPLIST_KEY_UISupportedInterfaceOrientations_iPhone = "UIInterfaceOrientationPortrait UIInterfaceOrientationLandscapeLeft UIInterfaceOrientationLandscapeRight";
				LD_RUNPATH_SEARCH_PATHS = (
					"$(inherited)",
					"@executable_path/Frameworks",
				);
				MARKETING_VERSION = 1.0;
				PRODUCT_BUNDLE_IDENTIFIER = macpheelabs.heatlab;
				PRODUCT_NAME = "$(TARGET_NAME)";
				STRING_CATALOG_GENERATE_SYMBOLS = YES;
				SUPPORTED_PLATFORMS = "iphoneos iphonesimulator";
				SUPPORTS_MACCATALYST = NO;
				SUPPORTS_MAC_DESIGNED_FOR_IPHONE_IPAD = NO;
				SUPPORTS_XR_DESIGNED_FOR_IPHONE_IPAD = NO;
				SWIFT_APPROACHABLE_CONCURRENCY = YES;
				SWIFT_DEFAULT_ACTOR_ISOLATION = MainActor;
				SWIFT_EMIT_LOC_STRINGS = YES;
				SWIFT_UPCOMING_FEATURE_MEMBER_IMPORT_VISIBILITY = YES;
				SWIFT_VERSION = 5.0;
				TARGETED_DEVICE_FAMILY = 1;
			};
			name = Debug;
		};
		3C766A202F14000B00309D3D /* Release */ = {
			isa = XCBuildConfiguration;
			buildSettings = {
				ASSETCATALOG_COMPILER_APPICON_NAME = HeatLabIcon;
				ASSETCATALOG_COMPILER_GLOBAL_ACCENT_COLOR_NAME = AccentColor;
				ASSETCATALOG_COMPILER_INCLUDE_ALL_APPICON_ASSETS = NO;
				CODE_SIGN_ENTITLEMENTS = heatlab/heatlab.entitlements;
				CODE_SIGN_STYLE = Automatic;
				CURRENT_PROJECT_VERSION = 1;
				DEVELOPMENT_TEAM = 3Z8UAFV95F;
				ENABLE_PREVIEWS = YES;
				GENERATE_INFOPLIST_FILE = YES;
				INFOPLIST_FILE = heatlab/Info.plist;
				INFOPLIST_KEY_UIApplicationSceneManifest_Generation = YES;
				INFOPLIST_KEY_UIApplicationSupportsIndirectInputEvents = YES;
				INFOPLIST_KEY_UILaunchScreen_Generation = YES;
				INFOPLIST_KEY_UISupportedInterfaceOrientations_iPad = "UIInterfaceOrientationPortrait UIInterfaceOrientationPortraitUpsideDown UIInterfaceOrientationLandscapeLeft UIInterfaceOrientationLandscapeRight";
				INFOPLIST_KEY_UISupportedInterfaceOrientations_iPhone = "UIInterfaceOrientationPortrait UIInterfaceOrientationLandscapeLeft UIInterfaceOrientationLandscapeRight";
				LD_RUNPATH_SEARCH_PATHS = (
					"$(inherited)",
					"@executable_path/Frameworks",
				);
				MARKETING_VERSION = 1.0;
				PRODUCT_BUNDLE_IDENTIFIER = macpheelabs.heatlab;
				PRODUCT_NAME = "$(TARGET_NAME)";
				STRING_CATALOG_GENERATE_SYMBOLS = YES;
				SUPPORTED_PLATFORMS = "iphoneos iphonesimulator";
				SUPPORTS_MACCATALYST = NO;
				SUPPORTS_MAC_DESIGNED_FOR_IPHONE_IPAD = NO;
				SUPPORTS_XR_DESIGNED_FOR_IPHONE_IPAD = NO;
				SWIFT_APPROACHABLE_CONCURRENCY = YES;
				SWIFT_DEFAULT_ACTOR_ISOLATION = MainActor;
				SWIFT_EMIT_LOC_STRINGS = YES;
				SWIFT_UPCOMING_FEATURE_MEMBER_IMPORT_VISIBILITY = YES;
				SWIFT_VERSION = 5.0;
				TARGETED_DEVICE_FAMILY = 1;
			};
			name = Release;
		};
		3C766A212F14000B00309D3D /* Debug */ = {
			isa = XCBuildConfiguration;
			buildSettings = {
				ALWAYS_SEARCH_USER_PATHS = NO;
				ASSETCATALOG_COMPILER_GENERATE_SWIFT_ASSET_SYMBOL_EXTENSIONS = YES;
				CLANG_ANALYZER_NONNULL = YES;
				CLANG_ANALYZER_NUMBER_OBJECT_CONVERSION = YES_AGGRESSIVE;
				CLANG_CXX_LANGUAGE_STANDARD = "gnu++20";
				CLANG_ENABLE_MODULES = YES;
				CLANG_ENABLE_OBJC_ARC = YES;
				CLANG_ENABLE_OBJC_WEAK = YES;
				CLANG_WARN_BLOCK_CAPTURE_AUTORELEASING = YES;
				CLANG_WARN_BOOL_CONVERSION = YES;
				CLANG_WARN_COMMA = YES;
				CLANG_WARN_CONSTANT_CONVERSION = YES;
				CLANG_WARN_DEPRECATED_OBJC_IMPLEMENTATIONS = YES;
				CLANG_WARN_DIRECT_OBJC_ISA_USAGE = YES_ERROR;
				CLANG_WARN_DOCUMENTATION_COMMENTS = YES;
				CLANG_WARN_EMPTY_BODY = YES;
				CLANG_WARN_ENUM_CONVERSION = YES;
				CLANG_WARN_INFINITE_RECURSION = YES;
				CLANG_WARN_INT_CONVERSION = YES;
				CLANG_WARN_NON_LITERAL_NULL_CONVERSION = YES;
				CLANG_WARN_OBJC_IMPLICIT_RETAIN_SELF = YES;
				CLANG_WARN_OBJC_LITERAL_CONVERSION = YES;
				CLANG_WARN_OBJC_ROOT_CLASS = YES_ERROR;
				CLANG_WARN_QUOTED_INCLUDE_IN_FRAMEWORK_HEADER = YES;
				CLANG_WARN_RANGE_LOOP_ANALYSIS = YES;
				CLANG_WARN_STRICT_PROTOTYPES = YES;
				CLANG_WARN_SUSPICIOUS_MOVE = YES;
				CLANG_WARN_UNGUARDED_AVAILABILITY = YES_AGGRESSIVE;
				CLANG_WARN_UNREACHABLE_CODE = YES;
				CLANG_WARN__DUPLICATE_METHOD_MATCH = YES;
				COPY_PHASE_STRIP = NO;
				DEBUG_INFORMATION_FORMAT = dwarf;
				DEVELOPMENT_TEAM = 3Z8UAFV95F;
				ENABLE_STRICT_OBJC_MSGSEND = YES;
				ENABLE_TESTABILITY = YES;
				ENABLE_USER_SCRIPT_SANDBOXING = YES;
				GCC_C_LANGUAGE_STANDARD = gnu17;
				GCC_DYNAMIC_NO_PIC = NO;
				GCC_NO_COMMON_BLOCKS = YES;
				GCC_OPTIMIZATION_LEVEL = 0;
				GCC_PREPROCESSOR_DEFINITIONS = (
					"DEBUG=1",
					"$(inherited)",
				);
				GCC_WARN_64_TO_32_BIT_CONVERSION = YES;
				GCC_WARN_ABOUT_RETURN_TYPE = YES_ERROR;
				GCC_WARN_UNDECLARED_SELECTOR = YES;
				GCC_WARN_UNINITIALIZED_AUTOS = YES_AGGRESSIVE;
				GCC_WARN_UNUSED_FUNCTION = YES;
				GCC_WARN_UNUSED_VARIABLE = YES;
				IPHONEOS_DEPLOYMENT_TARGET = 26.2;
				LOCALIZATION_PREFERS_STRING_CATALOGS = YES;
				MTL_ENABLE_DEBUG_INFO = INCLUDE_SOURCE;
				MTL_FAST_MATH = YES;
				ONLY_ACTIVE_ARCH = YES;
				SDKROOT = iphoneos;
				SWIFT_ACTIVE_COMPILATION_CONDITIONS = "DEBUG $(inherited)";
				SWIFT_OPTIMIZATION_LEVEL = "-Onone";
			};
			name = Debug;
		};
		3C766A222F14000B00309D3D /* Release */ = {
			isa = XCBuildConfiguration;
			buildSettings = {
				ALWAYS_SEARCH_USER_PATHS = NO;
				ASSETCATALOG_COMPILER_GENERATE_SWIFT_ASSET_SYMBOL_EXTENSIONS = YES;
				CLANG_ANALYZER_NONNULL = YES;
				CLANG_ANALYZER_NUMBER_OBJECT_CONVERSION = YES_AGGRESSIVE;
				CLANG_CXX_LANGUAGE_STANDARD = "gnu++20";
				CLANG_ENABLE_MODULES = YES;
				CLANG_ENABLE_OBJC_ARC = YES;
				CLANG_ENABLE_OBJC_WEAK = YES;
				CLANG_WARN_BLOCK_CAPTURE_AUTORELEASING = YES;
				CLANG_WARN_BOOL_CONVERSION = YES;
				CLANG_WARN_COMMA = YES;
				CLANG_WARN_CONSTANT_CONVERSION = YES;
				CLANG_WARN_DEPRECATED_OBJC_IMPLEMENTATIONS = YES;
				CLANG_WARN_DIRECT_OBJC_ISA_USAGE = YES_ERROR;
				CLANG_WARN_DOCUMENTATION_COMMENTS = YES;
				CLANG_WARN_EMPTY_BODY = YES;
				CLANG_WARN_ENUM_CONVERSION = YES;
				CLANG_WARN_INFINITE_RECURSION = YES;
				CLANG_WARN_INT_CONVERSION = YES;
				CLANG_WARN_NON_LITERAL_NULL_CONVERSION = YES;
				CLANG_WARN_OBJC_IMPLICIT_RETAIN_SELF = YES;
				CLANG_WARN_OBJC_LITERAL_CONVERSION = YES;
				CLANG_WARN_OBJC_ROOT_CLASS = YES_ERROR;
				CLANG_WARN_QUOTED_INCLUDE_IN_FRAMEWORK_HEADER = YES;
				CLANG_WARN_RANGE_LOOP_ANALYSIS = YES;
				CLANG_WARN_STRICT_PROTOTYPES = YES;
				CLANG_WARN_SUSPICIOUS_MOVE = YES;
				CLANG_WARN_UNGUARDED_AVAILABILITY = YES_AGGRESSIVE;
				CLANG_WARN_UNREACHABLE_CODE = YES;
				CLANG_WARN__DUPLICATE_METHOD_MATCH = YES;
				COPY_PHASE_STRIP = NO;
				DEBUG_INFORMATION_FORMAT = "dwarf-with-dsym";
				DEVELOPMENT_TEAM = 3Z8UAFV95F;
				ENABLE_NS_ASSERTIONS = NO;
				ENABLE_STRICT_OBJC_MSGSEND = YES;
				ENABLE_USER_SCRIPT_SANDBOXING = YES;
				GCC_C_LANGUAGE_STANDARD = gnu17;
				GCC_NO_COMMON_BLOCKS = YES;
				GCC_WARN_64_TO_32_BIT_CONVERSION = YES;
				GCC_WARN_ABOUT_RETURN_TYPE = YES_ERROR;
				GCC_WARN_UNDECLARED_SELECTOR = YES;
				GCC_WARN_UNINITIALIZED_AUTOS = YES_AGGRESSIVE;
				GCC_WARN_UNUSED_FUNCTION = YES;
				GCC_WARN_UNUSED_VARIABLE = YES;
				IPHONEOS_DEPLOYMENT_TARGET = 26.2;
				LOCALIZATION_PREFERS_STRING_CATALOGS = YES;
				MTL_ENABLE_DEBUG_INFO = NO;
				MTL_FAST_MATH = YES;
				SDKROOT = iphoneos;
				SWIFT_COMPILATION_MODE = wholemodule;
				VALIDATE_PRODUCT = YES;
			};
			name = Release;
		};
		3C766A242F14000B00309D3D /* Debug */ = {
			isa = XCBuildConfiguration;
			buildSettings = {
				BUNDLE_LOADER = "$(TEST_HOST)";
				CODE_SIGN_STYLE = Automatic;
				CURRENT_PROJECT_VERSION = 1;
				DEVELOPMENT_TEAM = 3Z8UAFV95F;
				GENERATE_INFOPLIST_FILE = YES;
				IPHONEOS_DEPLOYMENT_TARGET = 26.2;
				MARKETING_VERSION = 1.0;
				PRODUCT_BUNDLE_IDENTIFIER = macpheelabs.heatlabTests;
				PRODUCT_NAME = "$(TARGET_NAME)";
				STRING_CATALOG_GENERATE_SYMBOLS = NO;
				SWIFT_APPROACHABLE_CONCURRENCY = YES;
				SWIFT_EMIT_LOC_STRINGS = NO;
				SWIFT_UPCOMING_FEATURE_MEMBER_IMPORT_VISIBILITY = YES;
				SWIFT_VERSION = 5.0;
				TARGETED_DEVICE_FAMILY = "1,2";
				TEST_HOST = "$(BUILT_PRODUCTS_DIR)/heatlab.app/$(BUNDLE_EXECUTABLE_FOLDER_PATH)/heatlab";
			};
			name = Debug;
		};
		3C766A252F14000B00309D3D /* Release */ = {
			isa = XCBuildConfiguration;
			buildSettings = {
				BUNDLE_LOADER = "$(TEST_HOST)";
				CODE_SIGN_STYLE = Automatic;
				CURRENT_PROJECT_VERSION = 1;
				DEVELOPMENT_TEAM = 3Z8UAFV95F;
				GENERATE_INFOPLIST_FILE = YES;
				IPHONEOS_DEPLOYMENT_TARGET = 26.2;
				MARKETING_VERSION = 1.0;
				PRODUCT_BUNDLE_IDENTIFIER = macpheelabs.heatlabTests;
				PRODUCT_NAME = "$(TARGET_NAME)";
				STRING_CATALOG_GENERATE_SYMBOLS = NO;
				SWIFT_APPROACHABLE_CONCURRENCY = YES;
				SWIFT_EMIT_LOC_STRINGS = NO;
				SWIFT_UPCOMING_FEATURE_MEMBER_IMPORT_VISIBILITY = YES;
				SWIFT_VERSION = 5.0;
				TARGETED_DEVICE_FAMILY = "1,2";
				TEST_HOST = "$(BUILT_PRODUCTS_DIR)/heatlab.app/$(BUNDLE_EXECUTABLE_FOLDER_PATH)/heatlab";
			};
			name = Release;
		};
		3C766A272F14000B00309D3D /* Debug */ = {
			isa = XCBuildConfiguration;
			buildSettings = {
				CODE_SIGN_STYLE = Automatic;
				CURRENT_PROJECT_VERSION = 1;
				DEVELOPMENT_TEAM = 3Z8UAFV95F;
				GENERATE_INFOPLIST_FILE = YES;
				MARKETING_VERSION = 1.0;
				PRODUCT_BUNDLE_IDENTIFIER = macpheelabs.heatlabUITests;
				PRODUCT_NAME = "$(TARGET_NAME)";
				STRING_CATALOG_GENERATE_SYMBOLS = NO;
				SWIFT_APPROACHABLE_CONCURRENCY = YES;
				SWIFT_EMIT_LOC_STRINGS = NO;
				SWIFT_UPCOMING_FEATURE_MEMBER_IMPORT_VISIBILITY = YES;
				SWIFT_VERSION = 5.0;
				TARGETED_DEVICE_FAMILY = "1,2";
				TEST_TARGET_NAME = heatlab;
			};
			name = Debug;
		};
		3C766A282F14000B00309D3D /* Release */ = {
			isa = XCBuildConfiguration;
			buildSettings = {
				CODE_SIGN_STYLE = Automatic;
				CURRENT_PROJECT_VERSION = 1;
				DEVELOPMENT_TEAM = 3Z8UAFV95F;
				GENERATE_INFOPLIST_FILE = YES;
				MARKETING_VERSION = 1.0;
				PRODUCT_BUNDLE_IDENTIFIER = macpheelabs.heatlabUITests;
				PRODUCT_NAME = "$(TARGET_NAME)";
				STRING_CATALOG_GENERATE_SYMBOLS = NO;
				SWIFT_APPROACHABLE_CONCURRENCY = YES;
				SWIFT_EMIT_LOC_STRINGS = NO;
				SWIFT_UPCOMING_FEATURE_MEMBER_IMPORT_VISIBILITY = YES;
				SWIFT_VERSION = 5.0;
				TARGETED_DEVICE_FAMILY = "1,2";
				TEST_TARGET_NAME = heatlab;
			};
			name = Release;
		};
		3C766A4F2F1400F100309D3D /* Debug */ = {
			isa = XCBuildConfiguration;
			buildSettings = {
				ASSETCATALOG_COMPILER_APPICON_NAME = HeatLabIcon;
				ASSETCATALOG_COMPILER_GLOBAL_ACCENT_COLOR_NAME = AccentColor;
				CODE_SIGN_ENTITLEMENTS = HeatlabWatch/HeatlabWatch.entitlements;
				CODE_SIGN_STYLE = Automatic;
				CURRENT_PROJECT_VERSION = 1;
				DEVELOPMENT_TEAM = 3Z8UAFV95F;
				ENABLE_PREVIEWS = YES;
				GENERATE_INFOPLIST_FILE = YES;
				INFOPLIST_FILE = HeatlabWatch/Info.plist;
				INFOPLIST_KEY_CFBundleDisplayName = "Heatlab Watch";
				INFOPLIST_KEY_UISupportedInterfaceOrientations = "UIInterfaceOrientationPortrait UIInterfaceOrientationPortraitUpsideDown";
				INFOPLIST_KEY_WKCompanionAppBundleIdentifier = macpheelabs.heatlab;
				LD_RUNPATH_SEARCH_PATHS = (
					"$(inherited)",
					"@executable_path/Frameworks",
				);
				MARKETING_VERSION = 1.0;
				PRODUCT_BUNDLE_IDENTIFIER = macpheelabs.heatlab.watchkitapp;
				PRODUCT_NAME = "$(TARGET_NAME)";
				SDKROOT = watchos;
				SKIP_INSTALL = YES;
				STRING_CATALOG_GENERATE_SYMBOLS = YES;
				SWIFT_APPROACHABLE_CONCURRENCY = YES;
				SWIFT_DEFAULT_ACTOR_ISOLATION = MainActor;
				SWIFT_EMIT_LOC_STRINGS = YES;
				SWIFT_UPCOMING_FEATURE_MEMBER_IMPORT_VISIBILITY = YES;
				SWIFT_VERSION = 5.0;
				TARGETED_DEVICE_FAMILY = 4;
				WATCHOS_DEPLOYMENT_TARGET = 26.2;
			};
			name = Debug;
		};
		3C766A502F1400F100309D3D /* Release */ = {
			isa = XCBuildConfiguration;
			buildSettings = {
				ASSETCATALOG_COMPILER_APPICON_NAME = HeatLabIcon;
				ASSETCATALOG_COMPILER_GLOBAL_ACCENT_COLOR_NAME = AccentColor;
				CODE_SIGN_ENTITLEMENTS = HeatlabWatch/HeatlabWatch.entitlements;
				CODE_SIGN_STYLE = Automatic;
				CURRENT_PROJECT_VERSION = 1;
				DEVELOPMENT_TEAM = 3Z8UAFV95F;
				ENABLE_PREVIEWS = YES;
				GENERATE_INFOPLIST_FILE = YES;
				INFOPLIST_FILE = HeatlabWatch/Info.plist;
				INFOPLIST_KEY_CFBundleDisplayName = "Heatlab Watch";
				INFOPLIST_KEY_UISupportedInterfaceOrientations = "UIInterfaceOrientationPortrait UIInterfaceOrientationPortraitUpsideDown";
				INFOPLIST_KEY_WKCompanionAppBundleIdentifier = macpheelabs.heatlab;
				LD_RUNPATH_SEARCH_PATHS = (
					"$(inherited)",
					"@executable_path/Frameworks",
				);
				MARKETING_VERSION = 1.0;
				PRODUCT_BUNDLE_IDENTIFIER = macpheelabs.heatlab.watchkitapp;
				PRODUCT_NAME = "$(TARGET_NAME)";
				SDKROOT = watchos;
				SKIP_INSTALL = YES;
				STRING_CATALOG_GENERATE_SYMBOLS = YES;
				SWIFT_APPROACHABLE_CONCURRENCY = YES;
				SWIFT_DEFAULT_ACTOR_ISOLATION = MainActor;
				SWIFT_EMIT_LOC_STRINGS = YES;
				SWIFT_UPCOMING_FEATURE_MEMBER_IMPORT_VISIBILITY = YES;
				SWIFT_VERSION = 5.0;
				TARGETED_DEVICE_FAMILY = 4;
				WATCHOS_DEPLOYMENT_TARGET = 26.2;
			};
			name = Release;
		};
		3C766A532F1400F100309D3D /* Debug */ = {
			isa = XCBuildConfiguration;
			buildSettings = {
				BUNDLE_LOADER = "$(TEST_HOST)";
				CODE_SIGN_STYLE = Automatic;
				CURRENT_PROJECT_VERSION = 1;
				DEVELOPMENT_TEAM = 3Z8UAFV95F;
				GENERATE_INFOPLIST_FILE = YES;
				MARKETING_VERSION = 1.0;
				PRODUCT_BUNDLE_IDENTIFIER = "macpheelabs.Heatlab-Watch-Watch-AppTests";
				PRODUCT_NAME = "$(TARGET_NAME)";
				SDKROOT = watchos;
				STRING_CATALOG_GENERATE_SYMBOLS = NO;
				SWIFT_APPROACHABLE_CONCURRENCY = YES;
				SWIFT_EMIT_LOC_STRINGS = NO;
				SWIFT_UPCOMING_FEATURE_MEMBER_IMPORT_VISIBILITY = YES;
				SWIFT_VERSION = 5.0;
				TARGETED_DEVICE_FAMILY = 4;
				TEST_HOST = "$(BUILT_PRODUCTS_DIR)/Heatlab Watch Watch App.app/$(BUNDLE_EXECUTABLE_FOLDER_PATH)/Heatlab Watch Watch App";
				WATCHOS_DEPLOYMENT_TARGET = 26.2;
			};
			name = Debug;
		};
		3C766A542F1400F100309D3D /* Release */ = {
			isa = XCBuildConfiguration;
			buildSettings = {
				BUNDLE_LOADER = "$(TEST_HOST)";
				CODE_SIGN_STYLE = Automatic;
				CURRENT_PROJECT_VERSION = 1;
				DEVELOPMENT_TEAM = 3Z8UAFV95F;
				GENERATE_INFOPLIST_FILE = YES;
				MARKETING_VERSION = 1.0;
				PRODUCT_BUNDLE_IDENTIFIER = "macpheelabs.Heatlab-Watch-Watch-AppTests";
				PRODUCT_NAME = "$(TARGET_NAME)";
				SDKROOT = watchos;
				STRING_CATALOG_GENERATE_SYMBOLS = NO;
				SWIFT_APPROACHABLE_CONCURRENCY = YES;
				SWIFT_EMIT_LOC_STRINGS = NO;
				SWIFT_UPCOMING_FEATURE_MEMBER_IMPORT_VISIBILITY = YES;
				SWIFT_VERSION = 5.0;
				TARGETED_DEVICE_FAMILY = 4;
				TEST_HOST = "$(BUILT_PRODUCTS_DIR)/Heatlab Watch Watch App.app/$(BUNDLE_EXECUTABLE_FOLDER_PATH)/Heatlab Watch Watch App";
				WATCHOS_DEPLOYMENT_TARGET = 26.2;
			};
			name = Release;
		};
		3C766A562F1400F100309D3D /* Debug */ = {
			isa = XCBuildConfiguration;
			buildSettings = {
				CODE_SIGN_STYLE = Automatic;
				CURRENT_PROJECT_VERSION = 1;
				DEVELOPMENT_TEAM = 3Z8UAFV95F;
				GENERATE_INFOPLIST_FILE = YES;
				MARKETING_VERSION = 1.0;
				PRODUCT_BUNDLE_IDENTIFIER = "macpheelabs.Heatlab-Watch-Watch-AppUITests";
				PRODUCT_NAME = "$(TARGET_NAME)";
				SDKROOT = watchos;
				STRING_CATALOG_GENERATE_SYMBOLS = NO;
				SWIFT_APPROACHABLE_CONCURRENCY = YES;
				SWIFT_EMIT_LOC_STRINGS = NO;
				SWIFT_UPCOMING_FEATURE_MEMBER_IMPORT_VISIBILITY = YES;
				SWIFT_VERSION = 5.0;
				TARGETED_DEVICE_FAMILY = 4;
				TEST_TARGET_NAME = "Heatlab Watch Watch App";
				WATCHOS_DEPLOYMENT_TARGET = 26.2;
			};
			name = Debug;
		};
		3C766A572F1400F100309D3D /* Release */ = {
			isa = XCBuildConfiguration;
			buildSettings = {
				CODE_SIGN_STYLE = Automatic;
				CURRENT_PROJECT_VERSION = 1;
				DEVELOPMENT_TEAM = 3Z8UAFV95F;
				GENERATE_INFOPLIST_FILE = YES;
				MARKETING_VERSION = 1.0;
				PRODUCT_BUNDLE_IDENTIFIER = "macpheelabs.Heatlab-Watch-Watch-AppUITests";
				PRODUCT_NAME = "$(TARGET_NAME)";
				SDKROOT = watchos;
				STRING_CATALOG_GENERATE_SYMBOLS = NO;
				SWIFT_APPROACHABLE_CONCURRENCY = YES;
				SWIFT_EMIT_LOC_STRINGS = NO;
				SWIFT_UPCOMING_FEATURE_MEMBER_IMPORT_VISIBILITY = YES;
				SWIFT_VERSION = 5.0;
				TARGETED_DEVICE_FAMILY = 4;
				TEST_TARGET_NAME = "Heatlab Watch Watch App";
				WATCHOS_DEPLOYMENT_TARGET = 26.2;
			};
			name = Release;
		};
/* End XCBuildConfiguration section */

/* Begin XCConfigurationList section */
		3C7669F52F14000900309D3D /* Build configuration list for PBXProject "heatlab" */ = {
			isa = XCConfigurationList;
			buildConfigurations = (
				3C766A212F14000B00309D3D /* Debug */,
				3C766A222F14000B00309D3D /* Release */,
			);
			defaultConfigurationIsVisible = 0;
			defaultConfigurationName = Release;
		};
		3C766A1E2F14000B00309D3D /* Build configuration list for PBXNativeTarget "Heatlab" */ = {
			isa = XCConfigurationList;
			buildConfigurations = (
				3C766A1F2F14000B00309D3D /* Debug */,
				3C766A202F14000B00309D3D /* Release */,
			);
			defaultConfigurationIsVisible = 0;
			defaultConfigurationName = Release;
		};
		3C766A232F14000B00309D3D /* Build configuration list for PBXNativeTarget "HeatlabTests" */ = {
			isa = XCConfigurationList;
			buildConfigurations = (
				3C766A242F14000B00309D3D /* Debug */,
				3C766A252F14000B00309D3D /* Release */,
			);
			defaultConfigurationIsVisible = 0;
			defaultConfigurationName = Release;
		};
		3C766A262F14000B00309D3D /* Build configuration list for PBXNativeTarget "HeatlabUITests" */ = {
			isa = XCConfigurationList;
			buildConfigurations = (
				3C766A272F14000B00309D3D /* Debug */,
				3C766A282F14000B00309D3D /* Release */,
			);
			defaultConfigurationIsVisible = 0;
			defaultConfigurationName = Release;
		};
		3C766A4E2F1400F100309D3D /* Build configuration list for PBXNativeTarget "HeatlabWatch" */ = {
			isa = XCConfigurationList;
			buildConfigurations = (
				3C766A4F2F1400F100309D3D /* Debug */,
				3C766A502F1400F100309D3D /* Release */,
			);
			defaultConfigurationIsVisible = 0;
			defaultConfigurationName = Release;
		};
		3C766A522F1400F100309D3D /* Build configuration list for PBXNativeTarget "HeatlabWatchTests" */ = {
			isa = XCConfigurationList;
			buildConfigurations = (
				3C766A532F1400F100309D3D /* Debug */,
				3C766A542F1400F100309D3D /* Release */,
			);
			defaultConfigurationIsVisible = 0;
			defaultConfigurationName = Release;
		};
		3C766A552F1400F100309D3D /* Build configuration list for PBXNativeTarget "HeatlabWatchUITests" */ = {
			isa = XCConfigurationList;
			buildConfigurations = (
				3C766A562F1400F100309D3D /* Debug */,
				3C766A572F1400F100309D3D /* Release */,
			);
			defaultConfigurationIsVisible = 0;
			defaultConfigurationName = Release;
		};
/* End XCConfigurationList section */
	};
	rootObject = 3C7669F22F14000900309D3D /* Project object */;
}
